
Microsoft Visual Studio Solution File, Format Version 12.00
# Visual Studio Version 17
VisualStudioVersion = 17.9.34728.123
MinimumVisualStudioVersion = 10.0.40219.1
Project("{9A19103F-16F7-4668-BE54-9A1E7A4F7556}") = "AvaloniaApplication1", "AvaloniaApplication1\AvaloniaApplication1.csproj", "{E49C4AEA-9101-490F-A0AE-768D79E5FB88}"
EndProject
Project("{9A19103F-16F7-4668-BE54-9A1E7A4F7556}") = "AvaloniaApplication1.Desktop", "AvaloniaApplication1.Desktop\AvaloniaApplication1.Desktop.csproj", "{82631796-B5E9-4398-A607-3DC627A488CE}"
EndProject
Global
	GlobalSection(SolutionConfigurationPlatforms) = preSolution
		Debug|Any CPU = Debug|Any CPU
		Release|Any CPU = Release|Any CPU
	EndGlobalSection
	GlobalSection(ProjectConfigurationPlatforms) = postSolution
		{E49C4AEA-9101-490F-A0AE-768D79E5FB88}.Debug|Any CPU.ActiveCfg = Debug|Any CPU
		{E49C4AEA-9101-490F-A0AE-768D79E5FB88}.Debug|Any CPU.Build.0 = Debug|Any CPU
		{E49C4AEA-9101-490F-A0AE-768D79E5FB88}.Release|Any CPU.ActiveCfg = Release|Any CPU
		{E49C4AEA-9101-490F-A0AE-768D79E5FB88}.Release|Any CPU.Build.0 = Release|Any CPU
		{82631796-B5E9-4398-A607-3DC627A488CE}.Debug|Any CPU.ActiveCfg = Debug|Any CPU
		{82631796-B5E9-4398-A607-3DC627A488CE}.Debug|Any CPU.Build.0 = Debug|Any CPU
		{82631796-B5E9-4398-A607-3DC627A488CE}.Release|Any CPU.ActiveCfg = Release|Any CPU
		{82631796-B5E9-4398-A607-3DC627A488CE}.Release|Any CPU.Build.0 = Release|Any CPU
	EndGlobalSection
	GlobalSection(SolutionProperties) = preSolution
		HideSolutionNode = FALSE
	EndGlobalSection
	GlobalSection(ExtensibilityGlobals) = postSolution
		SolutionGuid = {D14D80F3-91E3-46E1-93B5-6D058630D3B8}
	EndGlobalSection
EndGlobal
